version = 1
revision = 3
requires-python = ">=3.12"

[[package]]
name = "chess"
version = "1.11.2"
source = { registry = "https://pypi.org/simple" }
sdist = { url = "https://files.pythonhosted.org/packages/93/09/7d04d7581ae3bb8b598017941781bceb7959dd1b13e3ebf7b6a2cd843bc9/chess-1.11.2.tar.gz", hash = "sha256:a8b43e5678fdb3000695bdaa573117ad683761e5ca38e591c4826eba6d25bb39", size = 6131385, upload-time = "2025-02-25T19:10:27.328Z" }

[[package]]
name = "llm-chess-competition"
version = "0.1.0"
source = { editable = "." }
dependencies = [
    { name = "chess" },
]

[package.metadata]
requires-dist = [{ name = "chess", specifier = ">=1.11.2" }]
